
Microsoft Visual Studio Solution File, Format Version 12.00
# Visual Studio Version 17
VisualStudioVersion = 17.7.34031.279
MinimumVisualStudioVersion = 10.0.40219.1
Project("{9A19103F-16F7-4668-BE54-9A1E7A4F7556}") = "BankSim", "BankSim\BankSim.csproj", "{48AE5D1D-A3BF-46DF-AB27-5F097F196AF8}"
EndProject
Project("{9A19103F-16F7-4668-BE54-9A1E7A4F7556}") = "BankSimService", "BankSimService\BankSimService.csproj", "{A0A0CCE8-558F-4B4D-8420-0E773DC3B139}"
EndProject
Global
	GlobalSection(SolutionConfigurationPlatforms) = preSolution
		Debug|Any CPU = Debug|Any CPU
		Release|Any CPU = Release|Any CPU
	EndGlobalSection
	GlobalSection(ProjectConfigurationPlatforms) = postSolution
		{48AE5D1D-A3BF-46DF-AB27-5F097F196AF8}.Debug|Any CPU.ActiveCfg = Debug|Any CPU
		{48AE5D1D-A3BF-46DF-AB27-5F097F196AF8}.Debug|Any CPU.Build.0 = Debug|Any CPU
		{48AE5D1D-A3BF-46DF-AB27-5F097F196AF8}.Release|Any CPU.ActiveCfg = Release|Any CPU
		{48AE5D1D-A3BF-46DF-AB27-5F097F196AF8}.Release|Any CPU.Build.0 = Release|Any CPU
		{A0A0CCE8-558F-4B4D-8420-0E773DC3B139}.Debug|Any CPU.ActiveCfg = Debug|Any CPU
		{A0A0CCE8-558F-4B4D-8420-0E773DC3B139}.Debug|Any CPU.Build.0 = Debug|Any CPU
		{A0A0CCE8-558F-4B4D-8420-0E773DC3B139}.Release|Any CPU.ActiveCfg = Release|Any CPU
		{A0A0CCE8-558F-4B4D-8420-0E773DC3B139}.Release|Any CPU.Build.0 = Release|Any CPU
	EndGlobalSection
	GlobalSection(SolutionProperties) = preSolution
		HideSolutionNode = FALSE
	EndGlobalSection
	GlobalSection(ExtensibilityGlobals) = postSolution
		SolutionGuid = {663F3642-854E-443E-A6E7-633464F4E8C8}
	EndGlobalSection
EndGlobal
